// !$*UTF8*$!
{
	archiveVersion = 1;
	classes = {
	};
	objectVersion = 50;
	objects = {

/* Begin PBXBuildFile section */
		093C478A247B110F00D47F5E /* IOKit_driver_demo.hpp in Headers */ = {isa = PBXBuildFile; fileRef = 093C4789247B110F00D47F5E /* IOKit_driver_demo.hpp */; };
		093C478C247B110F00D47F5E /* IOKit_driver_demo.cpp in Sources */ = {isa = PBXBuildFile; fileRef = 093C478B247B110F00D47F5E /* IOKit_driver_demo.cpp */; };
		093C4795247B116A00D47F5E /* IOKit.framework in Frameworks */ = {isa = PBXBuildFile; fileRef = 093C4794247B116A00D47F5E /* IOKit.framework */; };
/* End PBXBuildFile section */

/* Begin PBXFileReference section */
		093C4786247B110F00D47F5E /* IOKit-driver demo.kext */ = {isa = PBXFileReference; explicitFileType = wrapper.cfbundle; includeInIndex = 0; path = "IOKit-driver demo.kext"; sourceTree = BUILT_PRODUCTS_DIR; };
		093C4789247B110F00D47F5E /* IOKit_driver_demo.hpp */ = {isa = PBXFileReference; lastKnownFileType = sourcecode.cpp.h; path = IOKit_driver_demo.hpp; sourceTree = "<group>"; };
		093C478B247B110F00D47F5E /* IOKit_driver_demo.cpp */ = {isa = PBXFileReference; lastKnownFileType = sourcecode.cpp.cpp; path = IOKit_driver_demo.cpp; sourceTree = "<group>"; };
		093C478D247B110F00D47F5E /* Info.plist */ = {isa = PBXFileReference; lastKnownFileType = text.plist.xml; path = Info.plist; sourceTree = "<group>"; };
		093C4794247B116A00D47F5E /* IOKit.framework */ = {isa = PBXFileReference; lastKnownFileType = wrapper.framework; name = IOKit.framework; path = System/Library/Frameworks/IOKit.framework; sourceTree = SDKROOT; };
/* End PBXFileReference section */

/* Begin PBXFrameworksBuildPhase section */
		093C4783247B110F00D47F5E /* Frameworks */ = {
			isa = PBXFrameworksBuildPhase;
			buildActionMask = 2147483647;
			files = (
				093C4795247B116A00D47F5E /* IOKit.framework in Frameworks */,
			);
			runOnlyForDeploymentPostprocessing = 0;
		};
/* End PBXFrameworksBuildPhase section */

/* Begin PBXGroup section */
		093C477C247B110F00D47F5E = {
			isa = PBXGroup;
			children = (
				093C4788247B110F00D47F5E /* IOKit-driver demo */,
				093C4787247B110F00D47F5E /* Products */,
				093C4793247B116900D47F5E /* Frameworks */,
			);
			sourceTree = "<group>";
		};
		093C4787247B110F00D47F5E /* Products */ = {
			isa = PBXGroup;
			children = (
				093C4786247B110F00D47F5E /* IOKit-driver demo.kext */,
			);
			name = Products;
			sourceTree = "<group>";
		};
		093C4788247B110F00D47F5E /* IOKit-driver demo */ = {
			isa = PBXGroup;
			children = (
				093C4789247B110F00D47F5E /* IOKit_driver_demo.hpp */,
				093C478B247B110F00D47F5E /* IOKit_driver_demo.cpp */,
				093C478D247B110F00D47F5E /* Info.plist */,
			);
			path = "IOKit-driver demo";
			sourceTree = "<group>";
		};
		093C4793247B116900D47F5E /* Frameworks */ = {
			isa = PBXGroup;
			children = (
				093C4794247B116A00D47F5E /* IOKit.framework */,
			);
			name = Frameworks;
			sourceTree = "<group>";
		};
/* End PBXGroup section */

/* Begin PBXHeadersBuildPhase section */
		093C4781247B110F00D47F5E /* Headers */ = {
			isa = PBXHeadersBuildPhase;
			buildActionMask = 2147483647;
			files = (
				093C478A247B110F00D47F5E /* IOKit_driver_demo.hpp in Headers */,
			);
			runOnlyForDeploymentPostprocessing = 0;
		};
/* End PBXHeadersBuildPhase section */

/* Begin PBXNativeTarget section */
		093C4785247B110F00D47F5E /* IOKit-driver demo */ = {
			isa = PBXNativeTarget;
			buildConfigurationList = 093C4790247B110F00D47F5E /* Build configuration list for PBXNativeTarget "IOKit-driver demo" */;
			buildPhases = (
				093C4781247B110F00D47F5E /* Headers */,
				093C4782247B110F00D47F5E /* Sources */,
				093C4783247B110F00D47F5E /* Frameworks */,
				093C4784247B110F00D47F5E /* Resources */,
			);
			buildRules = (
			);
			dependencies = (
			);
			name = "IOKit-driver demo";
			productName = "IOKit-driver demo";
			productReference = 093C4786247B110F00D47F5E /* IOKit-driver demo.kext */;
			productType = "com.apple.product-type.kernel-extension";
		};
/* End PBXNativeTarget section */

/* Begin PBXProject section */
		093C477D247B110F00D47F5E /* Project object */ = {
			isa = PBXProject;
			attributes = {
				LastUpgradeCheck = 1150;
				ORGANIZATIONNAME = "Jozef Zuzelka";
				TargetAttributes = {
					093C4785247B110F00D47F5E = {
						CreatedOnToolsVersion = 11.5;
					};
				};
			};
			buildConfigurationList = 093C4780247B110F00D47F5E /* Build configuration list for PBXProject "IOKit-driver demo" */;
			compatibilityVersion = "Xcode 9.3";
			developmentRegion = en;
			hasScannedForEncodings = 0;
			knownRegions = (
				en,
				Base,
			);
			mainGroup = 093C477C247B110F00D47F5E;
			productRefGroup = 093C4787247B110F00D47F5E /* Products */;
			projectDirPath = "";
			projectRoot = "";
			targets = (
				093C4785247B110F00D47F5E /* IOKit-driver demo */,
			);
		};
/* End PBXProject section */

/* Begin PBXResourcesBuildPhase section */
		093C4784247B110F00D47F5E /* Resources */ = {
			isa = PBXResourcesBuildPhase;
			buildActionMask = 2147483647;
			files = (
			);
			runOnlyForDeploymentPostprocessing = 0;
		};
/* End PBXResourcesBuildPhase section */

/* Begin PBXSourcesBuildPhase section */
		093C4782247B110F00D47F5E /* Sources */ = {
			isa = PBXSourcesBuildPhase;
			buildActionMask = 2147483647;
			files = (
				093C478C247B110F00D47F5E /* IOKit_driver_demo.cpp in Sources */,
			);
			runOnlyForDeploymentPostprocessing = 0;
		};
/* End PBXSourcesBuildPhase section */

/* Begin XCBuildConfiguration section */
		093C478E247B110F00D47F5E /* Debug */ = {
			isa = XCBuildConfiguration;
			buildSettings = {
				ALWAYS_SEARCH_USER_PATHS = NO;
				CLANG_ANALYZER_NONNULL = YES;
				CLANG_ANALYZER_NUMBER_OBJECT_CONVERSION = YES_AGGRESSIVE;
				CLANG_CXX_LANGUAGE_STANDARD = "gnu++14";
				CLANG_CXX_LIBRARY = "libc++";
				CLANG_ENABLE_MODULES = YES;
				CLANG_ENABLE_OBJC_ARC = YES;
				CLANG_ENABLE_OBJC_WEAK = YES;
				CLANG_WARN_BLOCK_CAPTURE_AUTORELEASING = YES;
				CLANG_WARN_BOOL_CONVERSION = YES;
				CLANG_WARN_COMMA = YES;
				CLANG_WARN_CONSTANT_CONVERSION = YES;
				CLANG_WARN_DEPRECATED_OBJC_IMPLEMENTATIONS = YES;
				CLANG_WARN_DIRECT_OBJC_ISA_USAGE = YES_ERROR;
				CLANG_WARN_DOCUMENTATION_COMMENTS = YES;
				CLANG_WARN_EMPTY_BODY = YES;
				CLANG_WARN_ENUM_CONVERSION = YES;
				CLANG_WARN_INFINITE_RECURSION = YES;
				CLANG_WARN_INT_CONVERSION = YES;
				CLANG_WARN_NON_LITERAL_NULL_CONVERSION = YES;
				CLANG_WARN_OBJC_IMPLICIT_RETAIN_SELF = YES;
				CLANG_WARN_OBJC_LITERAL_CONVERSION = YES;
				CLANG_WARN_OBJC_ROOT_CLASS = YES_ERROR;
				CLANG_WARN_RANGE_LOOP_ANALYSIS = YES;
				CLANG_WARN_STRICT_PROTOTYPES = YES;
				CLANG_WARN_SUSPICIOUS_MOVE = YES;
				CLANG_WARN_UNGUARDED_AVAILABILITY = YES_AGGRESSIVE;
				CLANG_WARN_UNREACHABLE_CODE = YES;
				CLANG_WARN__DUPLICATE_METHOD_MATCH = YES;
				COPY_PHASE_STRIP = NO;
				DEBUG_INFORMATION_FORMAT = dwarf;
				ENABLE_STRICT_OBJC_MSGSEND = YES;
				ENABLE_TESTABILITY = YES;
				GCC_C_LANGUAGE_STANDARD = gnu11;
				GCC_DYNAMIC_NO_PIC = NO;
				GCC_NO_COMMON_BLOCKS = YES;
				GCC_OPTIMIZATION_LEVEL = 0;
				GCC_PREPROCESSOR_DEFINITIONS = (
					"DEBUG=1",
					"$(inherited)",
				);
				GCC_WARN_64_TO_32_BIT_CONVERSION = YES;
				GCC_WARN_ABOUT_RETURN_TYPE = YES_ERROR;
				GCC_WARN_UNDECLARED_SELECTOR = YES;
				GCC_WARN_UNINITIALIZED_AUTOS = YES_AGGRESSIVE;
				GCC_WARN_UNUSED_FUNCTION = YES;
				GCC_WARN_UNUSED_VARIABLE = YES;
				MACOSX_DEPLOYMENT_TARGET = 10.15;
				MTL_ENABLE_DEBUG_INFO = INCLUDE_SOURCE;
				MTL_FAST_MATH = YES;
				ONLY_ACTIVE_ARCH = YES;
				SDKROOT = macosx;
			};
			name = Debug;
		};
		093C478F247B110F00D47F5E /* Release */ = {
			isa = XCBuildConfiguration;
			buildSettings = {
				ALWAYS_SEARCH_USER_PATHS = NO;
				CLANG_ANALYZER_NONNULL = YES;
				CLANG_ANALYZER_NUMBER_OBJECT_CONVERSION = YES_AGGRESSIVE;
				CLANG_CXX_LANGUAGE_STANDARD = "gnu++14";
				CLANG_CXX_LIBRARY = "libc++";
				CLANG_ENABLE_MODULES = YES;
				CLANG_ENABLE_OBJC_ARC = YES;
				CLANG_ENABLE_OBJC_WEAK = YES;
				CLANG_WARN_BLOCK_CAPTURE_AUTORELEASING = YES;
				CLANG_WARN_BOOL_CONVERSION = YES;
				CLANG_WARN_COMMA = YES;
				CLANG_WARN_CONSTANT_CONVERSION = YES;
				CLANG_WARN_DEPRECATED_OBJC_IMPLEMENTATIONS = YES;
				CLANG_WARN_DIRECT_OBJC_ISA_USAGE = YES_ERROR;
				CLANG_WARN_DOCUMENTATION_COMMENTS = YES;
				CLANG_WARN_EMPTY_BODY = YES;
				CLANG_WARN_ENUM_CONVERSION = YES;
				CLANG_WARN_INFINITE_RECURSION = YES;
				CLANG_WARN_INT_CONVERSION = YES;
				CLANG_WARN_NON_LITERAL_NULL_CONVERSION = YES;
				CLANG_WARN_OBJC_IMPLICIT_RETAIN_SELF = YES;
				CLANG_WARN_OBJC_LITERAL_CONVERSION = YES;
				CLANG_WARN_OBJC_ROOT_CLASS = YES_ERROR;
				CLANG_WARN_RANGE_LOOP_ANALYSIS = YES;
				CLANG_WARN_STRICT_PROTOTYPES = YES;
				CLANG_WARN_SUSPICIOUS_MOVE = YES;
				CLANG_WARN_UNGUARDED_AVAILABILITY = YES_AGGRESSIVE;
				CLANG_WARN_UNREACHABLE_CODE = YES;
				CLANG_WARN__DUPLICATE_METHOD_MATCH = YES;
				COPY_PHASE_STRIP = NO;
				DEBUG_INFORMATION_FORMAT = "dwarf-with-dsym";
				ENABLE_NS_ASSERTIONS = NO;
				ENABLE_STRICT_OBJC_MSGSEND = YES;
				GCC_C_LANGUAGE_STANDARD = gnu11;
				GCC_NO_COMMON_BLOCKS = YES;
				GCC_WARN_64_TO_32_BIT_CONVERSION = YES;
				GCC_WARN_ABOUT_RETURN_TYPE = YES_ERROR;
				GCC_WARN_UNDECLARED_SELECTOR = YES;
				GCC_WARN_UNINITIALIZED_AUTOS = YES_AGGRESSIVE;
				GCC_WARN_UNUSED_FUNCTION = YES;
				GCC_WARN_UNUSED_VARIABLE = YES;
				MACOSX_DEPLOYMENT_TARGET = 10.15;
				MTL_ENABLE_DEBUG_INFO = NO;
				MTL_FAST_MATH = YES;
				SDKROOT = macosx;
			};
			name = Release;
		};
		093C4791247B110F00D47F5E /* Debug */ = {
			isa = XCBuildConfiguration;
			buildSettings = {
				CODE_SIGN_STYLE = Automatic;
				COMBINE_HIDPI_IMAGES = YES;
				CURRENT_PROJECT_VERSION = 1.0.0d1;
				DEVELOPMENT_TEAM = VN555WY3S4;
				INFOPLIST_FILE = "IOKit-driver demo/Info.plist";
				MODULE_NAME = com.jzlka.IOKit_driver_demo;
				MODULE_VERSION = 1.0.0d1;
				PRODUCT_BUNDLE_IDENTIFIER = "com.jzlka.IOKit-driver-demo";
				PRODUCT_NAME = "$(TARGET_NAME)";
				WRAPPER_EXTENSION = kext;
			};
			name = Debug;
		};
		093C4792247B110F00D47F5E /* Release */ = {
			isa = XCBuildConfiguration;
			buildSettings = {
				CODE_SIGN_STYLE = Automatic;
				COMBINE_HIDPI_IMAGES = YES;
				CURRENT_PROJECT_VERSION = 1.0.0d1;
				DEVELOPMENT_TEAM = VN555WY3S4;
				INFOPLIST_FILE = "IOKit-driver demo/Info.plist";
				MODULE_NAME = com.jzlka.IOKit_driver_demo;
				MODULE_VERSION = 1.0.0d1;
				PRODUCT_BUNDLE_IDENTIFIER = "com.jzlka.IOKit-driver-demo";
				PRODUCT_NAME = "$(TARGET_NAME)";
				WRAPPER_EXTENSION = kext;
			};
			name = Release;
		};
/* End XCBuildConfiguration section */

/* Begin XCConfigurationList section */
		093C4780247B110F00D47F5E /* Build configuration list for PBXProject "IOKit-driver demo" */ = {
			isa = XCConfigurationList;
			buildConfigurations = (
				093C478E247B110F00D47F5E /* Debug */,
				093C478F247B110F00D47F5E /* Release */,
			);
			defaultConfigurationIsVisible = 0;
			defaultConfigurationName = Release;
		};
		093C4790247B110F00D47F5E /* Build configuration list for PBXNativeTarget "IOKit-driver demo" */ = {
			isa = XCConfigurationList;
			buildConfigurations = (
				093C4791247B110F00D47F5E /* Debug */,
				093C4792247B110F00D47F5E /* Release */,
			);
			defaultConfigurationIsVisible = 0;
			defaultConfigurationName = Release;
		};
/* End XCConfigurationList section */
	};
	rootObject = 093C477D247B110F00D47F5E /* Project object */;
}
