// !$*UTF8*$!
{
	archiveVersion = 1;
	classes = {
	};
	objectVersion = 50;
	objects = {

/* Begin PBXBuildFile section */
		0990115A24742E9F00DDFE69 /* SignalHandler.mm in Sources */ = {isa = PBXBuildFile; fileRef = 0990115924742E9700DDFE69 /* SignalHandler.mm */; };
		09C7A5ED248B73DD00CBDCBE /* Tools.mm in Sources */ = {isa = PBXBuildFile; fileRef = 0990115724742E9700DDFE69 /* Tools.mm */; };
		09F7F8CB246AFC8A00BB0662 /* main.cpp in Sources */ = {isa = PBXBuildFile; fileRef = 09F7F8CA246AFC8A00BB0662 /* main.cpp */; };
		09F7F8D3246B02EF00BB0662 /* DiskArbitration.framework in Frameworks */ = {isa = PBXBuildFile; fileRef = 09F7F8D2246B02EF00BB0662 /* DiskArbitration.framework */; };
		09F7F8D5246B02F300BB0662 /* CoreFoundation.framework in Frameworks */ = {isa = PBXBuildFile; fileRef = 09F7F8D4246B02F300BB0662 /* CoreFoundation.framework */; };
/* End PBXBuildFile section */

/* Begin PBXCopyFilesBuildPhase section */
		09F7F8C5246AFC8A00BB0662 /* CopyFiles */ = {
			isa = PBXCopyFilesBuildPhase;
			buildActionMask = 2147483647;
			dstPath = /usr/share/man/man1/;
			dstSubfolderSpec = 0;
			files = (
			);
			runOnlyForDeploymentPostprocessing = 1;
		};
/* End PBXCopyFilesBuildPhase section */

/* Begin PBXFileReference section */
		0990115324742E9700DDFE69 /* SignalHandler.hpp */ = {isa = PBXFileReference; lastKnownFileType = sourcecode.cpp.h; path = SignalHandler.hpp; sourceTree = "<group>"; };
		0990115524742E9700DDFE69 /* Tools-ES.mm */ = {isa = PBXFileReference; lastKnownFileType = sourcecode.cpp.objcpp; path = "Tools-ES.mm"; sourceTree = "<group>"; };
		0990115624742E9700DDFE69 /* Tools-ES.hpp */ = {isa = PBXFileReference; lastKnownFileType = sourcecode.cpp.h; path = "Tools-ES.hpp"; sourceTree = "<group>"; };
		0990115724742E9700DDFE69 /* Tools.mm */ = {isa = PBXFileReference; lastKnownFileType = sourcecode.cpp.objcpp; path = Tools.mm; sourceTree = "<group>"; };
		0990115824742E9700DDFE69 /* Tools.hpp */ = {isa = PBXFileReference; lastKnownFileType = sourcecode.cpp.h; path = Tools.hpp; sourceTree = "<group>"; };
		0990115924742E9700DDFE69 /* SignalHandler.mm */ = {isa = PBXFileReference; lastKnownFileType = sourcecode.cpp.objcpp; path = SignalHandler.mm; sourceTree = "<group>"; };
		09F7F8C7246AFC8A00BB0662 /* DiskArbitration demo */ = {isa = PBXFileReference; explicitFileType = "compiled.mach-o.executable"; includeInIndex = 0; path = "DiskArbitration demo"; sourceTree = BUILT_PRODUCTS_DIR; };
		09F7F8CA246AFC8A00BB0662 /* main.cpp */ = {isa = PBXFileReference; lastKnownFileType = sourcecode.cpp.cpp; path = main.cpp; sourceTree = "<group>"; };
		09F7F8D2246B02EF00BB0662 /* DiskArbitration.framework */ = {isa = PBXFileReference; lastKnownFileType = wrapper.framework; name = DiskArbitration.framework; path = System/Library/Frameworks/DiskArbitration.framework; sourceTree = SDKROOT; };
		09F7F8D4246B02F300BB0662 /* CoreFoundation.framework */ = {isa = PBXFileReference; lastKnownFileType = wrapper.framework; name = CoreFoundation.framework; path = System/Library/Frameworks/CoreFoundation.framework; sourceTree = SDKROOT; };
/* End PBXFileReference section */

/* Begin PBXFrameworksBuildPhase section */
		09F7F8C4246AFC8A00BB0662 /* Frameworks */ = {
			isa = PBXFrameworksBuildPhase;
			buildActionMask = 2147483647;
			files = (
				09F7F8D5246B02F300BB0662 /* CoreFoundation.framework in Frameworks */,
				09F7F8D3246B02EF00BB0662 /* DiskArbitration.framework in Frameworks */,
			);
			runOnlyForDeploymentPostprocessing = 0;
		};
/* End PBXFrameworksBuildPhase section */

/* Begin PBXGroup section */
		0990115224742E9700DDFE69 /* Common */ = {
			isa = PBXGroup;
			children = (
				0990115424742E9700DDFE69 /* Tools */,
				0990115924742E9700DDFE69 /* SignalHandler.mm */,
				0990115324742E9700DDFE69 /* SignalHandler.hpp */,
			);
			name = Common;
			path = ../../Common;
			sourceTree = "<group>";
		};
		0990115424742E9700DDFE69 /* Tools */ = {
			isa = PBXGroup;
			children = (
				0990115524742E9700DDFE69 /* Tools-ES.mm */,
				0990115624742E9700DDFE69 /* Tools-ES.hpp */,
				0990115724742E9700DDFE69 /* Tools.mm */,
				0990115824742E9700DDFE69 /* Tools.hpp */,
			);
			path = Tools;
			sourceTree = "<group>";
		};
		09F7F8BE246AFC8A00BB0662 = {
			isa = PBXGroup;
			children = (
				0990115224742E9700DDFE69 /* Common */,
				09F7F8C9246AFC8A00BB0662 /* DiskArbitration demo */,
				09F7F8C8246AFC8A00BB0662 /* Products */,
				09F7F8D1246B02EF00BB0662 /* Frameworks */,
			);
			sourceTree = "<group>";
		};
		09F7F8C8246AFC8A00BB0662 /* Products */ = {
			isa = PBXGroup;
			children = (
				09F7F8C7246AFC8A00BB0662 /* DiskArbitration demo */,
			);
			name = Products;
			sourceTree = "<group>";
		};
		09F7F8C9246AFC8A00BB0662 /* DiskArbitration demo */ = {
			isa = PBXGroup;
			children = (
				09F7F8CA246AFC8A00BB0662 /* main.cpp */,
			);
			path = "DiskArbitration demo";
			sourceTree = "<group>";
		};
		09F7F8D1246B02EF00BB0662 /* Frameworks */ = {
			isa = PBXGroup;
			children = (
				09F7F8D4246B02F300BB0662 /* CoreFoundation.framework */,
				09F7F8D2246B02EF00BB0662 /* DiskArbitration.framework */,
			);
			name = Frameworks;
			sourceTree = "<group>";
		};
/* End PBXGroup section */

/* Begin PBXNativeTarget section */
		09F7F8C6246AFC8A00BB0662 /* DiskArbitration demo */ = {
			isa = PBXNativeTarget;
			buildConfigurationList = 09F7F8CE246AFC8A00BB0662 /* Build configuration list for PBXNativeTarget "DiskArbitration demo" */;
			buildPhases = (
				09F7F8C3246AFC8A00BB0662 /* Sources */,
				09F7F8C4246AFC8A00BB0662 /* Frameworks */,
				09F7F8C5246AFC8A00BB0662 /* CopyFiles */,
			);
			buildRules = (
			);
			dependencies = (
			);
			name = "DiskArbitration demo";
			productName = "DiskArbitration demo";
			productReference = 09F7F8C7246AFC8A00BB0662 /* DiskArbitration demo */;
			productType = "com.apple.product-type.tool";
		};
/* End PBXNativeTarget section */

/* Begin PBXProject section */
		09F7F8BF246AFC8A00BB0662 /* Project object */ = {
			isa = PBXProject;
			attributes = {
				LastUpgradeCheck = 1150;
				ORGANIZATIONNAME = "Jozef Zuzelka";
				TargetAttributes = {
					09F7F8C6246AFC8A00BB0662 = {
						CreatedOnToolsVersion = 11.4.1;
					};
				};
			};
			buildConfigurationList = 09F7F8C2246AFC8A00BB0662 /* Build configuration list for PBXProject "DiskArbitration demo" */;
			compatibilityVersion = "Xcode 9.3";
			developmentRegion = en;
			hasScannedForEncodings = 0;
			knownRegions = (
				en,
				Base,
			);
			mainGroup = 09F7F8BE246AFC8A00BB0662;
			productRefGroup = 09F7F8C8246AFC8A00BB0662 /* Products */;
			projectDirPath = "";
			projectRoot = "";
			targets = (
				09F7F8C6246AFC8A00BB0662 /* DiskArbitration demo */,
			);
		};
/* End PBXProject section */

/* Begin PBXSourcesBuildPhase section */
		09F7F8C3246AFC8A00BB0662 /* Sources */ = {
			isa = PBXSourcesBuildPhase;
			buildActionMask = 2147483647;
			files = (
				09C7A5ED248B73DD00CBDCBE /* Tools.mm in Sources */,
				0990115A24742E9F00DDFE69 /* SignalHandler.mm in Sources */,
				09F7F8CB246AFC8A00BB0662 /* main.cpp in Sources */,
			);
			runOnlyForDeploymentPostprocessing = 0;
		};
/* End PBXSourcesBuildPhase section */

/* Begin XCBuildConfiguration section */
		09F7F8CC246AFC8A00BB0662 /* Debug */ = {
			isa = XCBuildConfiguration;
			buildSettings = {
				ALWAYS_SEARCH_USER_PATHS = NO;
				CLANG_ANALYZER_NONNULL = YES;
				CLANG_ANALYZER_NUMBER_OBJECT_CONVERSION = YES_AGGRESSIVE;
				CLANG_CXX_LANGUAGE_STANDARD = "gnu++14";
				CLANG_CXX_LIBRARY = "libc++";
				CLANG_ENABLE_MODULES = YES;
				CLANG_ENABLE_OBJC_ARC = YES;
				CLANG_ENABLE_OBJC_WEAK = YES;
				CLANG_WARN_BLOCK_CAPTURE_AUTORELEASING = YES;
				CLANG_WARN_BOOL_CONVERSION = YES;
				CLANG_WARN_COMMA = YES;
				CLANG_WARN_CONSTANT_CONVERSION = YES;
				CLANG_WARN_DEPRECATED_OBJC_IMPLEMENTATIONS = YES;
				CLANG_WARN_DIRECT_OBJC_ISA_USAGE = YES_ERROR;
				CLANG_WARN_DOCUMENTATION_COMMENTS = YES;
				CLANG_WARN_EMPTY_BODY = YES;
				CLANG_WARN_ENUM_CONVERSION = YES;
				CLANG_WARN_INFINITE_RECURSION = YES;
				CLANG_WARN_INT_CONVERSION = YES;
				CLANG_WARN_NON_LITERAL_NULL_CONVERSION = YES;
				CLANG_WARN_OBJC_IMPLICIT_RETAIN_SELF = YES;
				CLANG_WARN_OBJC_LITERAL_CONVERSION = YES;
				CLANG_WARN_OBJC_ROOT_CLASS = YES_ERROR;
				CLANG_WARN_RANGE_LOOP_ANALYSIS = YES;
				CLANG_WARN_STRICT_PROTOTYPES = YES;
				CLANG_WARN_SUSPICIOUS_MOVE = YES;
				CLANG_WARN_UNGUARDED_AVAILABILITY = YES_AGGRESSIVE;
				CLANG_WARN_UNREACHABLE_CODE = YES;
				CLANG_WARN__DUPLICATE_METHOD_MATCH = YES;
				COPY_PHASE_STRIP = NO;
				DEBUG_INFORMATION_FORMAT = dwarf;
				ENABLE_STRICT_OBJC_MSGSEND = YES;
				ENABLE_TESTABILITY = YES;
				GCC_C_LANGUAGE_STANDARD = gnu11;
				GCC_DYNAMIC_NO_PIC = NO;
				GCC_NO_COMMON_BLOCKS = YES;
				GCC_OPTIMIZATION_LEVEL = 0;
				GCC_PREPROCESSOR_DEFINITIONS = (
					"DEBUG=1",
					"$(inherited)",
				);
				GCC_WARN_64_TO_32_BIT_CONVERSION = YES;
				GCC_WARN_ABOUT_RETURN_TYPE = YES_ERROR;
				GCC_WARN_UNDECLARED_SELECTOR = YES;
				GCC_WARN_UNINITIALIZED_AUTOS = YES_AGGRESSIVE;
				GCC_WARN_UNUSED_FUNCTION = YES;
				GCC_WARN_UNUSED_VARIABLE = YES;
				MACOSX_DEPLOYMENT_TARGET = 10.15;
				MTL_ENABLE_DEBUG_INFO = INCLUDE_SOURCE;
				MTL_FAST_MATH = YES;
				ONLY_ACTIVE_ARCH = YES;
				SDKROOT = macosx;
			};
			name = Debug;
		};
		09F7F8CD246AFC8A00BB0662 /* Release */ = {
			isa = XCBuildConfiguration;
			buildSettings = {
				ALWAYS_SEARCH_USER_PATHS = NO;
				CLANG_ANALYZER_NONNULL = YES;
				CLANG_ANALYZER_NUMBER_OBJECT_CONVERSION = YES_AGGRESSIVE;
				CLANG_CXX_LANGUAGE_STANDARD = "gnu++14";
				CLANG_CXX_LIBRARY = "libc++";
				CLANG_ENABLE_MODULES = YES;
				CLANG_ENABLE_OBJC_ARC = YES;
				CLANG_ENABLE_OBJC_WEAK = YES;
				CLANG_WARN_BLOCK_CAPTURE_AUTORELEASING = YES;
				CLANG_WARN_BOOL_CONVERSION = YES;
				CLANG_WARN_COMMA = YES;
				CLANG_WARN_CONSTANT_CONVERSION = YES;
				CLANG_WARN_DEPRECATED_OBJC_IMPLEMENTATIONS = YES;
				CLANG_WARN_DIRECT_OBJC_ISA_USAGE = YES_ERROR;
				CLANG_WARN_DOCUMENTATION_COMMENTS = YES;
				CLANG_WARN_EMPTY_BODY = YES;
				CLANG_WARN_ENUM_CONVERSION = YES;
				CLANG_WARN_INFINITE_RECURSION = YES;
				CLANG_WARN_INT_CONVERSION = YES;
				CLANG_WARN_NON_LITERAL_NULL_CONVERSION = YES;
				CLANG_WARN_OBJC_IMPLICIT_RETAIN_SELF = YES;
				CLANG_WARN_OBJC_LITERAL_CONVERSION = YES;
				CLANG_WARN_OBJC_ROOT_CLASS = YES_ERROR;
				CLANG_WARN_RANGE_LOOP_ANALYSIS = YES;
				CLANG_WARN_STRICT_PROTOTYPES = YES;
				CLANG_WARN_SUSPICIOUS_MOVE = YES;
				CLANG_WARN_UNGUARDED_AVAILABILITY = YES_AGGRESSIVE;
				CLANG_WARN_UNREACHABLE_CODE = YES;
				CLANG_WARN__DUPLICATE_METHOD_MATCH = YES;
				COPY_PHASE_STRIP = NO;
				DEBUG_INFORMATION_FORMAT = "dwarf-with-dsym";
				ENABLE_NS_ASSERTIONS = NO;
				ENABLE_STRICT_OBJC_MSGSEND = YES;
				GCC_C_LANGUAGE_STANDARD = gnu11;
				GCC_NO_COMMON_BLOCKS = YES;
				GCC_WARN_64_TO_32_BIT_CONVERSION = YES;
				GCC_WARN_ABOUT_RETURN_TYPE = YES_ERROR;
				GCC_WARN_UNDECLARED_SELECTOR = YES;
				GCC_WARN_UNINITIALIZED_AUTOS = YES_AGGRESSIVE;
				GCC_WARN_UNUSED_FUNCTION = YES;
				GCC_WARN_UNUSED_VARIABLE = YES;
				MACOSX_DEPLOYMENT_TARGET = 10.15;
				MTL_ENABLE_DEBUG_INFO = NO;
				MTL_FAST_MATH = YES;
				SDKROOT = macosx;
			};
			name = Release;
		};
		09F7F8CF246AFC8A00BB0662 /* Debug */ = {
			isa = XCBuildConfiguration;
			buildSettings = {
				CLANG_CXX_LANGUAGE_STANDARD = "gnu++17";
				CODE_SIGN_IDENTITY = "-";
				CODE_SIGN_STYLE = Automatic;
				DEVELOPMENT_TEAM = VN555WY3S4;
				ENABLE_HARDENED_RUNTIME = YES;
				PRODUCT_NAME = "$(TARGET_NAME)";
			};
			name = Debug;
		};
		09F7F8D0246AFC8A00BB0662 /* Release */ = {
			isa = XCBuildConfiguration;
			buildSettings = {
				CLANG_CXX_LANGUAGE_STANDARD = "gnu++17";
				CODE_SIGN_IDENTITY = "-";
				CODE_SIGN_STYLE = Automatic;
				DEVELOPMENT_TEAM = VN555WY3S4;
				ENABLE_HARDENED_RUNTIME = YES;
				PRODUCT_NAME = "$(TARGET_NAME)";
			};
			name = Release;
		};
/* End XCBuildConfiguration section */

/* Begin XCConfigurationList section */
		09F7F8C2246AFC8A00BB0662 /* Build configuration list for PBXProject "DiskArbitration demo" */ = {
			isa = XCConfigurationList;
			buildConfigurations = (
				09F7F8CC246AFC8A00BB0662 /* Debug */,
				09F7F8CD246AFC8A00BB0662 /* Release */,
			);
			defaultConfigurationIsVisible = 0;
			defaultConfigurationName = Release;
		};
		09F7F8CE246AFC8A00BB0662 /* Build configuration list for PBXNativeTarget "DiskArbitration demo" */ = {
			isa = XCConfigurationList;
			buildConfigurations = (
				09F7F8CF246AFC8A00BB0662 /* Debug */,
				09F7F8D0246AFC8A00BB0662 /* Release */,
			);
			defaultConfigurationIsVisible = 0;
			defaultConfigurationName = Release;
		};
/* End XCConfigurationList section */
	};
	rootObject = 09F7F8BF246AFC8A00BB0662 /* Project object */;
}
